
Microsoft Visual Studio Solution File, Format Version 12.00
# Visual Studio Version 17
VisualStudioVersion = 17.2.32616.157
MinimumVisualStudioVersion = 10.0.40219.1
Project("{FAE04EC0-301F-11D3-BF4B-00C04F79EFBC}") = "OOP.FileManager", "OOP.FileManager\OOP.FileManager.csproj", "{083279FF-8769-45A0-A220-40D4824E21CB}"
EndProject
Global
	GlobalSection(SolutionConfigurationPlatforms) = preSolution
		Debug|Any CPU = Debug|Any CPU
		Release|Any CPU = Release|Any CPU
	EndGlobalSection
	GlobalSection(ProjectConfigurationPlatforms) = postSolution
		{083279FF-8769-45A0-A220-40D4824E21CB}.Debug|Any CPU.ActiveCfg = Debug|Any CPU
		{083279FF-8769-45A0-A220-40D4824E21CB}.Debug|Any CPU.Build.0 = Debug|Any CPU
		{083279FF-8769-45A0-A220-40D4824E21CB}.Release|Any CPU.ActiveCfg = Release|Any CPU
		{083279FF-8769-45A0-A220-40D4824E21CB}.Release|Any CPU.Build.0 = Release|Any CPU
	EndGlobalSection
	GlobalSection(SolutionProperties) = preSolution
		HideSolutionNode = FALSE
	EndGlobalSection
	GlobalSection(ExtensibilityGlobals) = postSolution
		SolutionGuid = {29836CA2-0723-41BA-B13D-B1D22A33EB5A}
	EndGlobalSection
EndGlobal
